
Microsoft Visual Studio Solution File, Format Version 12.00
# Visual Studio Version 16
VisualStudioVersion = 16.0.31320.298
MinimumVisualStudioVersion = 10.0.40219.1
Project("{FAE04EC0-301F-11D3-BF4B-00C04F79EFBC}") = "Exercicio1", "Exercicio1\Exercicio1.csproj", "{86184DBC-B4E5-4941-82BE-F19D4C75293E}"
EndProject
Global
	GlobalSection(SolutionConfigurationPlatforms) = preSolution
		Debug|Any CPU = Debug|Any CPU
		Release|Any CPU = Release|Any CPU
	EndGlobalSection
	GlobalSection(ProjectConfigurationPlatforms) = postSolution
		{86184DBC-B4E5-4941-82BE-F19D4C75293E}.Debug|Any CPU.ActiveCfg = Debug|Any CPU
		{86184DBC-B4E5-4941-82BE-F19D4C75293E}.Debug|Any CPU.Build.0 = Debug|Any CPU
		{86184DBC-B4E5-4941-82BE-F19D4C75293E}.Release|Any CPU.ActiveCfg = Release|Any CPU
		{86184DBC-B4E5-4941-82BE-F19D4C75293E}.Release|Any CPU.Build.0 = Release|Any CPU
	EndGlobalSection
	GlobalSection(SolutionProperties) = preSolution
		HideSolutionNode = FALSE
	EndGlobalSection
	GlobalSection(ExtensibilityGlobals) = postSolution
		SolutionGuid = {8C5E595E-3987-455D-9171-A18A30B0A84E}
	EndGlobalSection
EndGlobal
